<?xml version="1.0" encoding="utf-8"?>
<Project ToolsVersion="4.0" xmlns="http://schemas.microsoft.com/developer/msbuild/2003">
  <ItemGroup>
    <Filter Include="Source Files">
      <UniqueIdentifier>{4FC737F1-C7A5-4376-A066-2A32D752A2FF}</UniqueIdentifier>
      <Extensions>cpp;c;cc;cxx;c++;cppm;ixx;def;odl;idl;hpj;bat;asm;asmx</Extensions>
    </Filter>
    <Filter Include="Header Files">
      <UniqueIdentifier>{93995380-89BD-4b04-88EB-625FBE52EBFB}</UniqueIdentifier>
      <Extensions>h;hh;hpp;hxx;h++;hm;inl;inc;ipp;xsd</Extensions>
    </Filter>
    <Filter Include="Resource Files">
      <UniqueIdentifier>{67DA6AB6-F800-4c08-8B7A-83BB121AAD01}</UniqueIdentifier>
      <Extensions>rc;ico;cur;bmp;dlg;rc2;rct;bin;rgs;gif;jpg;jpeg;jpe;resx;tiff;tif;png;wav;mfcribbon-ms</Extensions>
    </Filter>
    <Filter Include="Source Files\Deep">
      <UniqueIdentifier>{8986d9e3-948d-453b-a4c4-ba1ad11677b2}</UniqueIdentifier>
    </Filter>
    <Filter Include="Header Files\Deep">
      <UniqueIdentifier>{6e067fb7-4dcd-41c0-b17a-f27bf3a00625}</UniqueIdentifier>
    </Filter>
    <Filter Include="Header Files\Deep\Debug">
      <UniqueIdentifier>{dac20cda-6e45-48e4-b77a-805234cec6d4}</UniqueIdentifier>
    </Filter>
    <Filter Include="Source Files\Deep\Debug">
      <UniqueIdentifier>{a2a38283-db58-476c-9a75-f60e1f5e5200}</UniqueIdentifier>
    </Filter>
  </ItemGroup>
  <ItemGroup>
    <ClCompile Include="main.cpp">
      <Filter>Source Files</Filter>
    </ClCompile>
    <ClCompile Include="source.cpp">
      <Filter>Source Files</Filter>
    </ClCompile>
    <ClCompile Include="Deep_Debug_Memory.cpp">
      <Filter>Source Files\Deep\Debug</Filter>
    </ClCompile>
    <ClCompile Include="renderer.cpp">
      <Filter>Source Files</Filter>
    </ClCompile>
    <ClCompile Include="dmain.cpp">
      <Filter>Source Files</Filter>
    </ClCompile>
    <ClCompile Include="inputhook.cpp">
      <Filter>Source Files</Filter>
    </ClCompile>
  </ItemGroup>
  <ItemGroup>
    <ClInclude Include="Deep.h">
      <Filter>Header Files\Deep</Filter>
    </ClInclude>
    <ClInclude Include="Deep_Modules.h">
      <Filter>Header Files\Deep</Filter>
    </ClInclude>
    <ClInclude Include="Deep_Debug_Memory.h">
      <Filter>Header Files\Deep\Debug</Filter>
    </ClInclude>
    <ClInclude Include="Deep_Debug_Memory_Def.h">
      <Filter>Header Files\Deep\Debug</Filter>
    </ClInclude>
    <ClInclude Include="Deep_Debug_Memory_Undef.h">
      <Filter>Header Files\Deep\Debug</Filter>
    </ClInclude>
    <ClInclude Include="Deep_Debug.h">
      <Filter>Header Files\Deep\Debug</Filter>
    </ClInclude>
    <ClInclude Include="renderer.h">
      <Filter>Header Files</Filter>
    </ClInclude>
    <ClInclude Include="source.h">
      <Filter>Header Files</Filter>
    </ClInclude>
    <ClInclude Include="dmain.h">
      <Filter>Header Files</Filter>
    </ClInclude>
    <ClInclude Include="inputhook.h">
      <Filter>Header Files</Filter>
    </ClInclude>
  </ItemGroup>
</Project>